
Microsoft Visual Studio Solution File, Format Version 12.00
# Visual Studio Version 16
VisualStudioVersion = 16.0.31019.35
MinimumVisualStudioVersion = 10.0.40219.1
Project("{FAE04EC0-301F-11D3-BF4B-00C04F79EFBC}") = "Zahlengenerator", "WortCounter\Zahlengenerator.csproj", "{4253D193-FAE1-4FDD-AB5B-B6D07ECD0CF5}"
EndProject
Project("{FAE04EC0-301F-11D3-BF4B-00C04F79EFBC}") = "MinWordsperSentece", "MinWordsperSentece\MinWordsperSentece.csproj", "{552BEB9D-B2A8-4415-8374-C74330DD7707}"
EndProject
Project("{FAE04EC0-301F-11D3-BF4B-00C04F79EFBC}") = "ZahlenSkala", "ZahlenSkala\ZahlenSkala.csproj", "{D619550A-6471-4A51-912E-79B635E5A36D}"
EndProject
Global
	GlobalSection(SolutionConfigurationPlatforms) = preSolution
		Debug|Any CPU = Debug|Any CPU
		Release|Any CPU = Release|Any CPU
	EndGlobalSection
	GlobalSection(ProjectConfigurationPlatforms) = postSolution
		{4253D193-FAE1-4FDD-AB5B-B6D07ECD0CF5}.Debug|Any CPU.ActiveCfg = Debug|Any CPU
		{4253D193-FAE1-4FDD-AB5B-B6D07ECD0CF5}.Debug|Any CPU.Build.0 = Debug|Any CPU
		{4253D193-FAE1-4FDD-AB5B-B6D07ECD0CF5}.Release|Any CPU.ActiveCfg = Release|Any CPU
		{4253D193-FAE1-4FDD-AB5B-B6D07ECD0CF5}.Release|Any CPU.Build.0 = Release|Any CPU
		{552BEB9D-B2A8-4415-8374-C74330DD7707}.Debug|Any CPU.ActiveCfg = Debug|Any CPU
		{552BEB9D-B2A8-4415-8374-C74330DD7707}.Debug|Any CPU.Build.0 = Debug|Any CPU
		{552BEB9D-B2A8-4415-8374-C74330DD7707}.Release|Any CPU.ActiveCfg = Release|Any CPU
		{552BEB9D-B2A8-4415-8374-C74330DD7707}.Release|Any CPU.Build.0 = Release|Any CPU
		{D619550A-6471-4A51-912E-79B635E5A36D}.Debug|Any CPU.ActiveCfg = Debug|Any CPU
		{D619550A-6471-4A51-912E-79B635E5A36D}.Debug|Any CPU.Build.0 = Debug|Any CPU
		{D619550A-6471-4A51-912E-79B635E5A36D}.Release|Any CPU.ActiveCfg = Release|Any CPU
		{D619550A-6471-4A51-912E-79B635E5A36D}.Release|Any CPU.Build.0 = Release|Any CPU
	EndGlobalSection
	GlobalSection(SolutionProperties) = preSolution
		HideSolutionNode = FALSE
	EndGlobalSection
	GlobalSection(ExtensibilityGlobals) = postSolution
		SolutionGuid = {8063AC26-1633-480F-A1DF-BD1B9E2FD439}
	EndGlobalSection
EndGlobal
